// !$*UTF8*$!
{
	archiveVersion = 1;
	classes = {
	};
	objectVersion = 56;
	objects = {

/* Begin PBXBuildFile section */
		5C2D9187293108D8006AF534 /* APODCellView.swift in Sources */ = {isa = PBXBuildFile; fileRef = 5C2D9186293108D8006AF534 /* APODCellView.swift */; };
		5C2D918929321357006AF534 /* DateUtils.swift in Sources */ = {isa = PBXBuildFile; fileRef = 5C2D918829321357006AF534 /* DateUtils.swift */; };
		5C2D918D29323873006AF534 /* APODCache.swift in Sources */ = {isa = PBXBuildFile; fileRef = 5C2D918C29323873006AF534 /* APODCache.swift */; };
		5C744BE9292E897700F210FF /* LoadableImageView.swift in Sources */ = {isa = PBXBuildFile; fileRef = 5C744BE8292E897700F210FF /* LoadableImageView.swift */; };
		5C744BED292E95CF00F210FF /* APODHighlightView.swift in Sources */ = {isa = PBXBuildFile; fileRef = 5C744BEC292E95CF00F210FF /* APODHighlightView.swift */; };
		5C744BEF292EC1B700F210FF /* SampleImage2.png in Resources */ = {isa = PBXBuildFile; fileRef = 5C744BEE292EC1B700F210FF /* SampleImage2.png */; };
		5C744BF2292F494800F210FF /* Logger.swift in Sources */ = {isa = PBXBuildFile; fileRef = 5C744BF1292F494800F210FF /* Logger.swift */; };
		5C8D17B5293010CD000D88BF /* APODListView.swift in Sources */ = {isa = PBXBuildFile; fileRef = 5C8D17B4293010CD000D88BF /* APODListView.swift */; };
		5CE36D0A292D210D00558212 /* AppDelegate.swift in Sources */ = {isa = PBXBuildFile; fileRef = 5CE36D09292D210D00558212 /* AppDelegate.swift */; };
		5CE36D0C292D210D00558212 /* SceneDelegate.swift in Sources */ = {isa = PBXBuildFile; fileRef = 5CE36D0B292D210D00558212 /* SceneDelegate.swift */; };
		5CE36D0E292D210D00558212 /* HomeViewController.swift in Sources */ = {isa = PBXBuildFile; fileRef = 5CE36D0D292D210D00558212 /* HomeViewController.swift */; };
		5CE36D11292D210D00558212 /* Main.storyboard in Resources */ = {isa = PBXBuildFile; fileRef = 5CE36D0F292D210D00558212 /* Main.storyboard */; };
		5CE36D13292D210F00558212 /* Assets.xcassets in Resources */ = {isa = PBXBuildFile; fileRef = 5CE36D12292D210F00558212 /* Assets.xcassets */; };
		5CE36D16292D210F00558212 /* LaunchScreen.storyboard in Resources */ = {isa = PBXBuildFile; fileRef = 5CE36D14292D210F00558212 /* LaunchScreen.storyboard */; };
		5CE36D21292D210F00558212 /* APODTests.swift in Sources */ = {isa = PBXBuildFile; fileRef = 5CE36D20292D210F00558212 /* APODTests.swift */; };
		5CE36D2B292D210F00558212 /* NASA_APODUITests.swift in Sources */ = {isa = PBXBuildFile; fileRef = 5CE36D2A292D210F00558212 /* NASA_APODUITests.swift */; };
		5CE36D2D292D210F00558212 /* NASA_APODUITestsLaunchTests.swift in Sources */ = {isa = PBXBuildFile; fileRef = 5CE36D2C292D210F00558212 /* NASA_APODUITestsLaunchTests.swift */; };
		5CE36D3A292D213000558212 /* APOD.swift in Sources */ = {isa = PBXBuildFile; fileRef = 5CE36D39292D213000558212 /* APOD.swift */; };
		5CE36D3D292D42F700558212 /* APODAPI.swift in Sources */ = {isa = PBXBuildFile; fileRef = 5CE36D3C292D42F700558212 /* APODAPI.swift */; };
		5CE36D3F292D699100558212 /* APODAPITests.swift in Sources */ = {isa = PBXBuildFile; fileRef = 5CE36D3E292D699100558212 /* APODAPITests.swift */; };
		5CE36D41292E0A2000558212 /* APODAPIMockURLProtocol.swift in Sources */ = {isa = PBXBuildFile; fileRef = 5CE36D40292E0A2000558212 /* APODAPIMockURLProtocol.swift */; };
		5CE36D46292E0AA800558212 /* APODDemoData.swift in Sources */ = {isa = PBXBuildFile; fileRef = 5CE36D45292E0AA800558212 /* APODDemoData.swift */; };
		5CF2C393292E48A000DFB53B /* SampleImage.png in Resources */ = {isa = PBXBuildFile; fileRef = 5CF2C392292E48A000DFB53B /* SampleImage.png */; };
/* End PBXBuildFile section */

/* Begin PBXContainerItemProxy section */
		5CE36D1D292D210F00558212 /* PBXContainerItemProxy */ = {
			isa = PBXContainerItemProxy;
			containerPortal = 5CE36CFE292D210D00558212 /* Project object */;
			proxyType = 1;
			remoteGlobalIDString = 5CE36D05292D210D00558212;
			remoteInfo = "NASA-APOD";
		};
		5CE36D27292D210F00558212 /* PBXContainerItemProxy */ = {
			isa = PBXContainerItemProxy;
			containerPortal = 5CE36CFE292D210D00558212 /* Project object */;
			proxyType = 1;
			remoteGlobalIDString = 5CE36D05292D210D00558212;
			remoteInfo = "NASA-APOD";
		};
/* End PBXContainerItemProxy section */

/* Begin PBXFileReference section */
		5C2D9186293108D8006AF534 /* APODCellView.swift */ = {isa = PBXFileReference; lastKnownFileType = sourcecode.swift; path = APODCellView.swift; sourceTree = "<group>"; };
		5C2D918829321357006AF534 /* DateUtils.swift */ = {isa = PBXFileReference; lastKnownFileType = sourcecode.swift; path = DateUtils.swift; sourceTree = "<group>"; };
		5C2D918C29323873006AF534 /* APODCache.swift */ = {isa = PBXFileReference; lastKnownFileType = sourcecode.swift; path = APODCache.swift; sourceTree = "<group>"; };
		5C744BE8292E897700F210FF /* LoadableImageView.swift */ = {isa = PBXFileReference; lastKnownFileType = sourcecode.swift; path = LoadableImageView.swift; sourceTree = "<group>"; };
		5C744BEC292E95CF00F210FF /* APODHighlightView.swift */ = {isa = PBXFileReference; lastKnownFileType = sourcecode.swift; path = APODHighlightView.swift; sourceTree = "<group>"; };
		5C744BEE292EC1B700F210FF /* SampleImage2.png */ = {isa = PBXFileReference; lastKnownFileType = image.png; path = SampleImage2.png; sourceTree = "<group>"; };
		5C744BF1292F494800F210FF /* Logger.swift */ = {isa = PBXFileReference; lastKnownFileType = sourcecode.swift; path = Logger.swift; sourceTree = "<group>"; };
		5C8D17B4293010CD000D88BF /* APODListView.swift */ = {isa = PBXFileReference; lastKnownFileType = sourcecode.swift; path = APODListView.swift; sourceTree = "<group>"; };
		5CE36D06292D210D00558212 /* NASA-APOD.app */ = {isa = PBXFileReference; explicitFileType = wrapper.application; includeInIndex = 0; path = "NASA-APOD.app"; sourceTree = BUILT_PRODUCTS_DIR; };
		5CE36D09292D210D00558212 /* AppDelegate.swift */ = {isa = PBXFileReference; lastKnownFileType = sourcecode.swift; path = AppDelegate.swift; sourceTree = "<group>"; };
		5CE36D0B292D210D00558212 /* SceneDelegate.swift */ = {isa = PBXFileReference; lastKnownFileType = sourcecode.swift; path = SceneDelegate.swift; sourceTree = "<group>"; };
		5CE36D0D292D210D00558212 /* HomeViewController.swift */ = {isa = PBXFileReference; lastKnownFileType = sourcecode.swift; path = HomeViewController.swift; sourceTree = "<group>"; };
		5CE36D10292D210D00558212 /* Base */ = {isa = PBXFileReference; lastKnownFileType = file.storyboard; name = Base; path = Base.lproj/Main.storyboard; sourceTree = "<group>"; };
		5CE36D12292D210F00558212 /* Assets.xcassets */ = {isa = PBXFileReference; lastKnownFileType = folder.assetcatalog; path = Assets.xcassets; sourceTree = "<group>"; };
		5CE36D15292D210F00558212 /* Base */ = {isa = PBXFileReference; lastKnownFileType = file.storyboard; name = Base; path = Base.lproj/LaunchScreen.storyboard; sourceTree = "<group>"; };
		5CE36D17292D210F00558212 /* Info.plist */ = {isa = PBXFileReference; lastKnownFileType = text.plist.xml; path = Info.plist; sourceTree = "<group>"; };
		5CE36D1C292D210F00558212 /* NASA-APODTests.xctest */ = {isa = PBXFileReference; explicitFileType = wrapper.cfbundle; includeInIndex = 0; path = "NASA-APODTests.xctest"; sourceTree = BUILT_PRODUCTS_DIR; };
		5CE36D20292D210F00558212 /* APODTests.swift */ = {isa = PBXFileReference; lastKnownFileType = sourcecode.swift; path = APODTests.swift; sourceTree = "<group>"; };
		5CE36D26292D210F00558212 /* NASA-APODUITests.xctest */ = {isa = PBXFileReference; explicitFileType = wrapper.cfbundle; includeInIndex = 0; path = "NASA-APODUITests.xctest"; sourceTree = BUILT_PRODUCTS_DIR; };
		5CE36D2A292D210F00558212 /* NASA_APODUITests.swift */ = {isa = PBXFileReference; lastKnownFileType = sourcecode.swift; path = NASA_APODUITests.swift; sourceTree = "<group>"; };
		5CE36D2C292D210F00558212 /* NASA_APODUITestsLaunchTests.swift */ = {isa = PBXFileReference; lastKnownFileType = sourcecode.swift; path = NASA_APODUITestsLaunchTests.swift; sourceTree = "<group>"; };
		5CE36D39292D213000558212 /* APOD.swift */ = {isa = PBXFileReference; lastKnownFileType = sourcecode.swift; path = APOD.swift; sourceTree = "<group>"; };
		5CE36D3C292D42F700558212 /* APODAPI.swift */ = {isa = PBXFileReference; lastKnownFileType = sourcecode.swift; path = APODAPI.swift; sourceTree = "<group>"; };
		5CE36D3E292D699100558212 /* APODAPITests.swift */ = {isa = PBXFileReference; lastKnownFileType = sourcecode.swift; path = APODAPITests.swift; sourceTree = "<group>"; };
		5CE36D40292E0A2000558212 /* APODAPIMockURLProtocol.swift */ = {isa = PBXFileReference; lastKnownFileType = sourcecode.swift; path = APODAPIMockURLProtocol.swift; sourceTree = "<group>"; };
		5CE36D45292E0AA800558212 /* APODDemoData.swift */ = {isa = PBXFileReference; lastKnownFileType = sourcecode.swift; path = APODDemoData.swift; sourceTree = "<group>"; };
		5CF2C392292E48A000DFB53B /* SampleImage.png */ = {isa = PBXFileReference; lastKnownFileType = image.png; path = SampleImage.png; sourceTree = "<group>"; };
/* End PBXFileReference section */

/* Begin PBXFrameworksBuildPhase section */
		5CE36D03292D210D00558212 /* Frameworks */ = {
			isa = PBXFrameworksBuildPhase;
			buildActionMask = 2147483647;
			files = (
			);
			runOnlyForDeploymentPostprocessing = 0;
		};
		5CE36D19292D210F00558212 /* Frameworks */ = {
			isa = PBXFrameworksBuildPhase;
			buildActionMask = 2147483647;
			files = (
			);
			runOnlyForDeploymentPostprocessing = 0;
		};
		5CE36D23292D210F00558212 /* Frameworks */ = {
			isa = PBXFrameworksBuildPhase;
			buildActionMask = 2147483647;
			files = (
			);
			runOnlyForDeploymentPostprocessing = 0;
		};
/* End PBXFrameworksBuildPhase section */

/* Begin PBXGroup section */
		5C744BE7292E88DF00F210FF /* Views */ = {
			isa = PBXGroup;
			children = (
				5C744BEB292E95A300F210FF /* Layout */,
				5C744BEA292E959A00F210FF /* Image */,
			);
			path = Views;
			sourceTree = "<group>";
		};
		5C744BEA292E959A00F210FF /* Image */ = {
			isa = PBXGroup;
			children = (
				5C744BE8292E897700F210FF /* LoadableImageView.swift */,
			);
			path = Image;
			sourceTree = "<group>";
		};
		5C744BEB292E95A300F210FF /* Layout */ = {
			isa = PBXGroup;
			children = (
				5C744BEC292E95CF00F210FF /* APODHighlightView.swift */,
				5C8D17B4293010CD000D88BF /* APODListView.swift */,
				5C2D9186293108D8006AF534 /* APODCellView.swift */,
			);
			path = Layout;
			sourceTree = "<group>";
		};
		5C744BF0292F493400F210FF /* Helpers */ = {
			isa = PBXGroup;
			children = (
				5C744BF1292F494800F210FF /* Logger.swift */,
				5C2D918829321357006AF534 /* DateUtils.swift */,
			);
			path = Helpers;
			sourceTree = "<group>";
		};
		5CE36CFD292D210D00558212 = {
			isa = PBXGroup;
			children = (
				5CE36D08292D210D00558212 /* NASA-APOD */,
				5CE36D1F292D210F00558212 /* NASA-APODTests */,
				5CE36D29292D210F00558212 /* NASA-APODUITests */,
				5CE36D07292D210D00558212 /* Products */,
			);
			sourceTree = "<group>";
		};
		5CE36D07292D210D00558212 /* Products */ = {
			isa = PBXGroup;
			children = (
				5CE36D06292D210D00558212 /* NASA-APOD.app */,
				5CE36D1C292D210F00558212 /* NASA-APODTests.xctest */,
				5CE36D26292D210F00558212 /* NASA-APODUITests.xctest */,
			);
			name = Products;
			sourceTree = "<group>";
		};
		5CE36D08292D210D00558212 /* NASA-APOD */ = {
			isa = PBXGroup;
			children = (
				5CE36D09292D210D00558212 /* AppDelegate.swift */,
				5CE36D0B292D210D00558212 /* SceneDelegate.swift */,
				5CE36D0D292D210D00558212 /* HomeViewController.swift */,
				5C744BE7292E88DF00F210FF /* Views */,
				5CE36D3B292D334400558212 /* Model */,
				5C744BF0292F493400F210FF /* Helpers */,
				5CE36D0F292D210D00558212 /* Main.storyboard */,
				5CE36D12292D210F00558212 /* Assets.xcassets */,
				5CE36D14292D210F00558212 /* LaunchScreen.storyboard */,
				5CE36D17292D210F00558212 /* Info.plist */,
			);
			path = "NASA-APOD";
			sourceTree = "<group>";
		};
		5CE36D1F292D210F00558212 /* NASA-APODTests */ = {
			isa = PBXGroup;
			children = (
				5CF2C391292E488C00DFB53B /* Resources */,
				5CE36D44292E0A7700558212 /* Helpers */,
				5CE36D20292D210F00558212 /* APODTests.swift */,
				5CE36D3E292D699100558212 /* APODAPITests.swift */,
			);
			path = "NASA-APODTests";
			sourceTree = "<group>";
		};
		5CE36D29292D210F00558212 /* NASA-APODUITests */ = {
			isa = PBXGroup;
			children = (
				5CE36D2A292D210F00558212 /* NASA_APODUITests.swift */,
				5CE36D2C292D210F00558212 /* NASA_APODUITestsLaunchTests.swift */,
			);
			path = "NASA-APODUITests";
			sourceTree = "<group>";
		};
		5CE36D3B292D334400558212 /* Model */ = {
			isa = PBXGroup;
			children = (
				5CE36D39292D213000558212 /* APOD.swift */,
				5C2D918C29323873006AF534 /* APODCache.swift */,
				5CE36D3C292D42F700558212 /* APODAPI.swift */,
			);
			path = Model;
			sourceTree = "<group>";
		};
		5CE36D44292E0A7700558212 /* Helpers */ = {
			isa = PBXGroup;
			children = (
				5CE36D45292E0AA800558212 /* APODDemoData.swift */,
				5CE36D40292E0A2000558212 /* APODAPIMockURLProtocol.swift */,
			);
			path = Helpers;
			sourceTree = "<group>";
		};
		5CF2C391292E488C00DFB53B /* Resources */ = {
			isa = PBXGroup;
			children = (
				5CF2C392292E48A000DFB53B /* SampleImage.png */,
				5C744BEE292EC1B700F210FF /* SampleImage2.png */,
			);
			path = Resources;
			sourceTree = "<group>";
		};
/* End PBXGroup section */

/* Begin PBXNativeTarget section */
		5CE36D05292D210D00558212 /* NASA-APOD */ = {
			isa = PBXNativeTarget;
			buildConfigurationList = 5CE36D30292D210F00558212 /* Build configuration list for PBXNativeTarget "NASA-APOD" */;
			buildPhases = (
				5CE36D02292D210D00558212 /* Sources */,
				5CE36D03292D210D00558212 /* Frameworks */,
				5CE36D04292D210D00558212 /* Resources */,
			);
			buildRules = (
			);
			dependencies = (
			);
			name = "NASA-APOD";
			productName = "NASA-APOD";
			productReference = 5CE36D06292D210D00558212 /* NASA-APOD.app */;
			productType = "com.apple.product-type.application";
		};
		5CE36D1B292D210F00558212 /* NASA-APODTests */ = {
			isa = PBXNativeTarget;
			buildConfigurationList = 5CE36D33292D210F00558212 /* Build configuration list for PBXNativeTarget "NASA-APODTests" */;
			buildPhases = (
				5CE36D18292D210F00558212 /* Sources */,
				5CE36D19292D210F00558212 /* Frameworks */,
				5CE36D1A292D210F00558212 /* Resources */,
			);
			buildRules = (
			);
			dependencies = (
				5CE36D1E292D210F00558212 /* PBXTargetDependency */,
			);
			name = "NASA-APODTests";
			productName = "NASA-APODTests";
			productReference = 5CE36D1C292D210F00558212 /* NASA-APODTests.xctest */;
			productType = "com.apple.product-type.bundle.unit-test";
		};
		5CE36D25292D210F00558212 /* NASA-APODUITests */ = {
			isa = PBXNativeTarget;
			buildConfigurationList = 5CE36D36292D210F00558212 /* Build configuration list for PBXNativeTarget "NASA-APODUITests" */;
			buildPhases = (
				5CE36D22292D210F00558212 /* Sources */,
				5CE36D23292D210F00558212 /* Frameworks */,
				5CE36D24292D210F00558212 /* Resources */,
			);
			buildRules = (
			);
			dependencies = (
				5CE36D28292D210F00558212 /* PBXTargetDependency */,
			);
			name = "NASA-APODUITests";
			productName = "NASA-APODUITests";
			productReference = 5CE36D26292D210F00558212 /* NASA-APODUITests.xctest */;
			productType = "com.apple.product-type.bundle.ui-testing";
		};
/* End PBXNativeTarget section */

/* Begin PBXProject section */
		5CE36CFE292D210D00558212 /* Project object */ = {
			isa = PBXProject;
			attributes = {
				BuildIndependentTargetsInParallel = 1;
				LastSwiftUpdateCheck = 1410;
				LastUpgradeCheck = 1410;
				TargetAttributes = {
					5CE36D05292D210D00558212 = {
						CreatedOnToolsVersion = 14.1;
					};
					5CE36D1B292D210F00558212 = {
						CreatedOnToolsVersion = 14.1;
						TestTargetID = 5CE36D05292D210D00558212;
					};
					5CE36D25292D210F00558212 = {
						CreatedOnToolsVersion = 14.1;
						TestTargetID = 5CE36D05292D210D00558212;
					};
				};
			};
			buildConfigurationList = 5CE36D01292D210D00558212 /* Build configuration list for PBXProject "NASA-APOD" */;
			compatibilityVersion = "Xcode 14.0";
			developmentRegion = en;
			hasScannedForEncodings = 0;
			knownRegions = (
				en,
				Base,
			);
			mainGroup = 5CE36CFD292D210D00558212;
			productRefGroup = 5CE36D07292D210D00558212 /* Products */;
			projectDirPath = "";
			projectRoot = "";
			targets = (
				5CE36D05292D210D00558212 /* NASA-APOD */,
				5CE36D1B292D210F00558212 /* NASA-APODTests */,
				5CE36D25292D210F00558212 /* NASA-APODUITests */,
			);
		};
/* End PBXProject section */

/* Begin PBXResourcesBuildPhase section */
		5CE36D04292D210D00558212 /* Resources */ = {
			isa = PBXResourcesBuildPhase;
			buildActionMask = 2147483647;
			files = (
				5CE36D16292D210F00558212 /* LaunchScreen.storyboard in Resources */,
				5CE36D13292D210F00558212 /* Assets.xcassets in Resources */,
				5CE36D11292D210D00558212 /* Main.storyboard in Resources */,
			);
			runOnlyForDeploymentPostprocessing = 0;
		};
		5CE36D1A292D210F00558212 /* Resources */ = {
			isa = PBXResourcesBuildPhase;
			buildActionMask = 2147483647;
			files = (
				5C744BEF292EC1B700F210FF /* SampleImage2.png in Resources */,
				5CF2C393292E48A000DFB53B /* SampleImage.png in Resources */,
			);
			runOnlyForDeploymentPostprocessing = 0;
		};
		5CE36D24292D210F00558212 /* Resources */ = {
			isa = PBXResourcesBuildPhase;
			buildActionMask = 2147483647;
			files = (
			);
			runOnlyForDeploymentPostprocessing = 0;
		};
/* End PBXResourcesBuildPhase section */

/* Begin PBXSourcesBuildPhase section */
		5CE36D02292D210D00558212 /* Sources */ = {
			isa = PBXSourcesBuildPhase;
			buildActionMask = 2147483647;
			files = (
				5C2D918929321357006AF534 /* DateUtils.swift in Sources */,
				5CE36D0E292D210D00558212 /* HomeViewController.swift in Sources */,
				5CE36D3D292D42F700558212 /* APODAPI.swift in Sources */,
				5CE36D3A292D213000558212 /* APOD.swift in Sources */,
				5CE36D0A292D210D00558212 /* AppDelegate.swift in Sources */,
				5C8D17B5293010CD000D88BF /* APODListView.swift in Sources */,
				5C2D918D29323873006AF534 /* APODCache.swift in Sources */,
				5C744BE9292E897700F210FF /* LoadableImageView.swift in Sources */,
				5CE36D0C292D210D00558212 /* SceneDelegate.swift in Sources */,
				5C744BED292E95CF00F210FF /* APODHighlightView.swift in Sources */,
				5C2D9187293108D8006AF534 /* APODCellView.swift in Sources */,
				5C744BF2292F494800F210FF /* Logger.swift in Sources */,
			);
			runOnlyForDeploymentPostprocessing = 0;
		};
		5CE36D18292D210F00558212 /* Sources */ = {
			isa = PBXSourcesBuildPhase;
			buildActionMask = 2147483647;
			files = (
				5CE36D46292E0AA800558212 /* APODDemoData.swift in Sources */,
				5CE36D3F292D699100558212 /* APODAPITests.swift in Sources */,
				5CE36D41292E0A2000558212 /* APODAPIMockURLProtocol.swift in Sources */,
				5CE36D21292D210F00558212 /* APODTests.swift in Sources */,
			);
			runOnlyForDeploymentPostprocessing = 0;
		};
		5CE36D22292D210F00558212 /* Sources */ = {
			isa = PBXSourcesBuildPhase;
			buildActionMask = 2147483647;
			files = (
				5CE36D2B292D210F00558212 /* NASA_APODUITests.swift in Sources */,
				5CE36D2D292D210F00558212 /* NASA_APODUITestsLaunchTests.swift in Sources */,
			);
			runOnlyForDeploymentPostprocessing = 0;
		};
/* End PBXSourcesBuildPhase section */

/* Begin PBXTargetDependency section */
		5CE36D1E292D210F00558212 /* PBXTargetDependency */ = {
			isa = PBXTargetDependency;
			target = 5CE36D05292D210D00558212 /* NASA-APOD */;
			targetProxy = 5CE36D1D292D210F00558212 /* PBXContainerItemProxy */;
		};
		5CE36D28292D210F00558212 /* PBXTargetDependency */ = {
			isa = PBXTargetDependency;
			target = 5CE36D05292D210D00558212 /* NASA-APOD */;
			targetProxy = 5CE36D27292D210F00558212 /* PBXContainerItemProxy */;
		};
/* End PBXTargetDependency section */

/* Begin PBXVariantGroup section */
		5CE36D0F292D210D00558212 /* Main.storyboard */ = {
			isa = PBXVariantGroup;
			children = (
				5CE36D10292D210D00558212 /* Base */,
			);
			name = Main.storyboard;
			sourceTree = "<group>";
		};
		5CE36D14292D210F00558212 /* LaunchScreen.storyboard */ = {
			isa = PBXVariantGroup;
			children = (
				5CE36D15292D210F00558212 /* Base */,
			);
			name = LaunchScreen.storyboard;
			sourceTree = "<group>";
		};
/* End PBXVariantGroup section */

/* Begin XCBuildConfiguration section */
		5CE36D2E292D210F00558212 /* Debug */ = {
			isa = XCBuildConfiguration;
			buildSettings = {
				ALWAYS_SEARCH_USER_PATHS = NO;
				CLANG_ANALYZER_NONNULL = YES;
				CLANG_ANALYZER_NUMBER_OBJECT_CONVERSION = YES_AGGRESSIVE;
				CLANG_CXX_LANGUAGE_STANDARD = "gnu++20";
				CLANG_ENABLE_MODULES = YES;
				CLANG_ENABLE_OBJC_ARC = YES;
				CLANG_ENABLE_OBJC_WEAK = YES;
				CLANG_WARN_BLOCK_CAPTURE_AUTORELEASING = YES;
				CLANG_WARN_BOOL_CONVERSION = YES;
				CLANG_WARN_COMMA = YES;
				CLANG_WARN_CONSTANT_CONVERSION = YES;
				CLANG_WARN_DEPRECATED_OBJC_IMPLEMENTATIONS = YES;
				CLANG_WARN_DIRECT_OBJC_ISA_USAGE = YES_ERROR;
				CLANG_WARN_DOCUMENTATION_COMMENTS = YES;
				CLANG_WARN_EMPTY_BODY = YES;
				CLANG_WARN_ENUM_CONVERSION = YES;
				CLANG_WARN_INFINITE_RECURSION = YES;
				CLANG_WARN_INT_CONVERSION = YES;
				CLANG_WARN_NON_LITERAL_NULL_CONVERSION = YES;
				CLANG_WARN_OBJC_IMPLICIT_RETAIN_SELF = YES;
				CLANG_WARN_OBJC_LITERAL_CONVERSION = YES;
				CLANG_WARN_OBJC_ROOT_CLASS = YES_ERROR;
				CLANG_WARN_QUOTED_INCLUDE_IN_FRAMEWORK_HEADER = YES;
				CLANG_WARN_RANGE_LOOP_ANALYSIS = YES;
				CLANG_WARN_STRICT_PROTOTYPES = YES;
				CLANG_WARN_SUSPICIOUS_MOVE = YES;
				CLANG_WARN_UNGUARDED_AVAILABILITY = YES_AGGRESSIVE;
				CLANG_WARN_UNREACHABLE_CODE = YES;
				CLANG_WARN__DUPLICATE_METHOD_MATCH = YES;
				COPY_PHASE_STRIP = NO;
				DEBUG_INFORMATION_FORMAT = dwarf;
				ENABLE_STRICT_OBJC_MSGSEND = YES;
				ENABLE_TESTABILITY = YES;
				GCC_C_LANGUAGE_STANDARD = gnu11;
				GCC_DYNAMIC_NO_PIC = NO;
				GCC_NO_COMMON_BLOCKS = YES;
				GCC_OPTIMIZATION_LEVEL = 0;
				GCC_PREPROCESSOR_DEFINITIONS = (
					"DEBUG=1",
					"$(inherited)",
				);
				GCC_WARN_64_TO_32_BIT_CONVERSION = YES;
				GCC_WARN_ABOUT_RETURN_TYPE = YES_ERROR;
				GCC_WARN_UNDECLARED_SELECTOR = YES;
				GCC_WARN_UNINITIALIZED_AUTOS = YES_AGGRESSIVE;
				GCC_WARN_UNUSED_FUNCTION = YES;
				GCC_WARN_UNUSED_VARIABLE = YES;
				IPHONEOS_DEPLOYMENT_TARGET = 16.1;
				MTL_ENABLE_DEBUG_INFO = INCLUDE_SOURCE;
				MTL_FAST_MATH = YES;
				ONLY_ACTIVE_ARCH = YES;
				SDKROOT = iphoneos;
				SWIFT_ACTIVE_COMPILATION_CONDITIONS = DEBUG;
				SWIFT_OPTIMIZATION_LEVEL = "-Onone";
			};
			name = Debug;
		};
		5CE36D2F292D210F00558212 /* Release */ = {
			isa = XCBuildConfiguration;
			buildSettings = {
				ALWAYS_SEARCH_USER_PATHS = NO;
				CLANG_ANALYZER_NONNULL = YES;
				CLANG_ANALYZER_NUMBER_OBJECT_CONVERSION = YES_AGGRESSIVE;
				CLANG_CXX_LANGUAGE_STANDARD = "gnu++20";
				CLANG_ENABLE_MODULES = YES;
				CLANG_ENABLE_OBJC_ARC = YES;
				CLANG_ENABLE_OBJC_WEAK = YES;
				CLANG_WARN_BLOCK_CAPTURE_AUTORELEASING = YES;
				CLANG_WARN_BOOL_CONVERSION = YES;
				CLANG_WARN_COMMA = YES;
				CLANG_WARN_CONSTANT_CONVERSION = YES;
				CLANG_WARN_DEPRECATED_OBJC_IMPLEMENTATIONS = YES;
				CLANG_WARN_DIRECT_OBJC_ISA_USAGE = YES_ERROR;
				CLANG_WARN_DOCUMENTATION_COMMENTS = YES;
				CLANG_WARN_EMPTY_BODY = YES;
				CLANG_WARN_ENUM_CONVERSION = YES;
				CLANG_WARN_INFINITE_RECURSION = YES;
				CLANG_WARN_INT_CONVERSION = YES;
				CLANG_WARN_NON_LITERAL_NULL_CONVERSION = YES;
				CLANG_WARN_OBJC_IMPLICIT_RETAIN_SELF = YES;
				CLANG_WARN_OBJC_LITERAL_CONVERSION = YES;
				CLANG_WARN_OBJC_ROOT_CLASS = YES_ERROR;
				CLANG_WARN_QUOTED_INCLUDE_IN_FRAMEWORK_HEADER = YES;
				CLANG_WARN_RANGE_LOOP_ANALYSIS = YES;
				CLANG_WARN_STRICT_PROTOTYPES = YES;
				CLANG_WARN_SUSPICIOUS_MOVE = YES;
				CLANG_WARN_UNGUARDED_AVAILABILITY = YES_AGGRESSIVE;
				CLANG_WARN_UNREACHABLE_CODE = YES;
				CLANG_WARN__DUPLICATE_METHOD_MATCH = YES;
				COPY_PHASE_STRIP = NO;
				DEBUG_INFORMATION_FORMAT = "dwarf-with-dsym";
				ENABLE_NS_ASSERTIONS = NO;
				ENABLE_STRICT_OBJC_MSGSEND = YES;
				GCC_C_LANGUAGE_STANDARD = gnu11;
				GCC_NO_COMMON_BLOCKS = YES;
				GCC_WARN_64_TO_32_BIT_CONVERSION = YES;
				GCC_WARN_ABOUT_RETURN_TYPE = YES_ERROR;
				GCC_WARN_UNDECLARED_SELECTOR = YES;
				GCC_WARN_UNINITIALIZED_AUTOS = YES_AGGRESSIVE;
				GCC_WARN_UNUSED_FUNCTION = YES;
				GCC_WARN_UNUSED_VARIABLE = YES;
				IPHONEOS_DEPLOYMENT_TARGET = 16.1;
				MTL_ENABLE_DEBUG_INFO = NO;
				MTL_FAST_MATH = YES;
				SDKROOT = iphoneos;
				SWIFT_COMPILATION_MODE = wholemodule;
				SWIFT_OPTIMIZATION_LEVEL = "-O";
				VALIDATE_PRODUCT = YES;
			};
			name = Release;
		};
		5CE36D31292D210F00558212 /* Debug */ = {
			isa = XCBuildConfiguration;
			buildSettings = {
				ASSETCATALOG_COMPILER_APPICON_NAME = AppIcon;
				ASSETCATALOG_COMPILER_GLOBAL_ACCENT_COLOR_NAME = AccentColor;
				CODE_SIGN_STYLE = Automatic;
				CURRENT_PROJECT_VERSION = 1;
				DEVELOPMENT_TEAM = FFSR8KUJW2;
				GENERATE_INFOPLIST_FILE = YES;
				INFOPLIST_FILE = "NASA-APOD/Info.plist";
				INFOPLIST_KEY_UIApplicationSupportsIndirectInputEvents = YES;
				INFOPLIST_KEY_UILaunchStoryboardName = LaunchScreen;
				INFOPLIST_KEY_UIMainStoryboardFile = Main;
				INFOPLIST_KEY_UISupportedInterfaceOrientations = UIInterfaceOrientationPortrait;
				INFOPLIST_KEY_UISupportedInterfaceOrientations_iPad = "UIInterfaceOrientationLandscapeLeft UIInterfaceOrientationLandscapeRight UIInterfaceOrientationPortrait UIInterfaceOrientationPortraitUpsideDown";
				LD_RUNPATH_SEARCH_PATHS = (
					"$(inherited)",
					"@executable_path/Frameworks",
				);
				MARKETING_VERSION = 1.0;
				PRODUCT_BUNDLE_IDENTIFIER = "de.pascalbraband.NASA-APOD";
				PRODUCT_NAME = "$(TARGET_NAME)";
				SUPPORTED_PLATFORMS = "iphoneos iphonesimulator";
				SUPPORTS_MACCATALYST = NO;
				SUPPORTS_MAC_DESIGNED_FOR_IPHONE_IPAD = NO;
				SWIFT_EMIT_LOC_STRINGS = YES;
				SWIFT_VERSION = 5.0;
				TARGETED_DEVICE_FAMILY = 1;
			};
			name = Debug;
		};
		5CE36D32292D210F00558212 /* Release */ = {
			isa = XCBuildConfiguration;
			buildSettings = {
				ASSETCATALOG_COMPILER_APPICON_NAME = AppIcon;
				ASSETCATALOG_COMPILER_GLOBAL_ACCENT_COLOR_NAME = AccentColor;
				CODE_SIGN_STYLE = Automatic;
				CURRENT_PROJECT_VERSION = 1;
				DEVELOPMENT_TEAM = FFSR8KUJW2;
				GENERATE_INFOPLIST_FILE = YES;
				INFOPLIST_FILE = "NASA-APOD/Info.plist";
				INFOPLIST_KEY_UIApplicationSupportsIndirectInputEvents = YES;
				INFOPLIST_KEY_UILaunchStoryboardName = LaunchScreen;
				INFOPLIST_KEY_UIMainStoryboardFile = Main;
				INFOPLIST_KEY_UISupportedInterfaceOrientations = UIInterfaceOrientationPortrait;
				INFOPLIST_KEY_UISupportedInterfaceOrientations_iPad = "UIInterfaceOrientationLandscapeLeft UIInterfaceOrientationLandscapeRight UIInterfaceOrientationPortrait UIInterfaceOrientationPortraitUpsideDown";
				LD_RUNPATH_SEARCH_PATHS = (
					"$(inherited)",
					"@executable_path/Frameworks",
				);
				MARKETING_VERSION = 1.0;
				PRODUCT_BUNDLE_IDENTIFIER = "de.pascalbraband.NASA-APOD";
				PRODUCT_NAME = "$(TARGET_NAME)";
				SUPPORTED_PLATFORMS = "iphoneos iphonesimulator";
				SUPPORTS_MACCATALYST = NO;
				SUPPORTS_MAC_DESIGNED_FOR_IPHONE_IPAD = NO;
				SWIFT_EMIT_LOC_STRINGS = YES;
				SWIFT_VERSION = 5.0;
				TARGETED_DEVICE_FAMILY = 1;
			};
			name = Release;
		};
		5CE36D34292D210F00558212 /* Debug */ = {
			isa = XCBuildConfiguration;
			buildSettings = {
				ALWAYS_EMBED_SWIFT_STANDARD_LIBRARIES = YES;
				BUNDLE_LOADER = "$(TEST_HOST)";
				CODE_SIGN_STYLE = Automatic;
				CURRENT_PROJECT_VERSION = 1;
				DEVELOPMENT_TEAM = FFSR8KUJW2;
				GENERATE_INFOPLIST_FILE = YES;
				IPHONEOS_DEPLOYMENT_TARGET = 16.1;
				MARKETING_VERSION = 1.0;
				PRODUCT_BUNDLE_IDENTIFIER = "de.pascalbraband.NASA-APODTests";
				PRODUCT_NAME = "$(TARGET_NAME)";
				SWIFT_EMIT_LOC_STRINGS = NO;
				SWIFT_VERSION = 5.0;
				TARGETED_DEVICE_FAMILY = "1,2";
				TEST_HOST = "$(BUILT_PRODUCTS_DIR)/NASA-APOD.app/$(BUNDLE_EXECUTABLE_FOLDER_PATH)/NASA-APOD";
			};
			name = Debug;
		};
		5CE36D35292D210F00558212 /* Release */ = {
			isa = XCBuildConfiguration;
			buildSettings = {
				ALWAYS_EMBED_SWIFT_STANDARD_LIBRARIES = YES;
				BUNDLE_LOADER = "$(TEST_HOST)";
				CODE_SIGN_STYLE = Automatic;
				CURRENT_PROJECT_VERSION = 1;
				DEVELOPMENT_TEAM = FFSR8KUJW2;
				GENERATE_INFOPLIST_FILE = YES;
				IPHONEOS_DEPLOYMENT_TARGET = 16.1;
				MARKETING_VERSION = 1.0;
				PRODUCT_BUNDLE_IDENTIFIER = "de.pascalbraband.NASA-APODTests";
				PRODUCT_NAME = "$(TARGET_NAME)";
				SWIFT_EMIT_LOC_STRINGS = NO;
				SWIFT_VERSION = 5.0;
				TARGETED_DEVICE_FAMILY = "1,2";
				TEST_HOST = "$(BUILT_PRODUCTS_DIR)/NASA-APOD.app/$(BUNDLE_EXECUTABLE_FOLDER_PATH)/NASA-APOD";
			};
			name = Release;
		};
		5CE36D37292D210F00558212 /* Debug */ = {
			isa = XCBuildConfiguration;
			buildSettings = {
				ALWAYS_EMBED_SWIFT_STANDARD_LIBRARIES = YES;
				CODE_SIGN_STYLE = Automatic;
				CURRENT_PROJECT_VERSION = 1;
				DEVELOPMENT_TEAM = FFSR8KUJW2;
				GENERATE_INFOPLIST_FILE = YES;
				MARKETING_VERSION = 1.0;
				PRODUCT_BUNDLE_IDENTIFIER = "de.pascalbraband.NASA-APODUITests";
				PRODUCT_NAME = "$(TARGET_NAME)";
				SWIFT_EMIT_LOC_STRINGS = NO;
				SWIFT_VERSION = 5.0;
				TARGETED_DEVICE_FAMILY = "1,2";
				TEST_TARGET_NAME = "NASA-APOD";
			};
			name = Debug;
		};
		5CE36D38292D210F00558212 /* Release */ = {
			isa = XCBuildConfiguration;
			buildSettings = {
				ALWAYS_EMBED_SWIFT_STANDARD_LIBRARIES = YES;
				CODE_SIGN_STYLE = Automatic;
				CURRENT_PROJECT_VERSION = 1;
				DEVELOPMENT_TEAM = FFSR8KUJW2;
				GENERATE_INFOPLIST_FILE = YES;
				MARKETING_VERSION = 1.0;
				PRODUCT_BUNDLE_IDENTIFIER = "de.pascalbraband.NASA-APODUITests";
				PRODUCT_NAME = "$(TARGET_NAME)";
				SWIFT_EMIT_LOC_STRINGS = NO;
				SWIFT_VERSION = 5.0;
				TARGETED_DEVICE_FAMILY = "1,2";
				TEST_TARGET_NAME = "NASA-APOD";
			};
			name = Release;
		};
/* End XCBuildConfiguration section */

/* Begin XCConfigurationList section */
		5CE36D01292D210D00558212 /* Build configuration list for PBXProject "NASA-APOD" */ = {
			isa = XCConfigurationList;
			buildConfigurations = (
				5CE36D2E292D210F00558212 /* Debug */,
				5CE36D2F292D210F00558212 /* Release */,
			);
			defaultConfigurationIsVisible = 0;
			defaultConfigurationName = Release;
		};
		5CE36D30292D210F00558212 /* Build configuration list for PBXNativeTarget "NASA-APOD" */ = {
			isa = XCConfigurationList;
			buildConfigurations = (
				5CE36D31292D210F00558212 /* Debug */,
				5CE36D32292D210F00558212 /* Release */,
			);
			defaultConfigurationIsVisible = 0;
			defaultConfigurationName = Release;
		};
		5CE36D33292D210F00558212 /* Build configuration list for PBXNativeTarget "NASA-APODTests" */ = {
			isa = XCConfigurationList;
			buildConfigurations = (
				5CE36D34292D210F00558212 /* Debug */,
				5CE36D35292D210F00558212 /* Release */,
			);
			defaultConfigurationIsVisible = 0;
			defaultConfigurationName = Release;
		};
		5CE36D36292D210F00558212 /* Build configuration list for PBXNativeTarget "NASA-APODUITests" */ = {
			isa = XCConfigurationList;
			buildConfigurations = (
				5CE36D37292D210F00558212 /* Debug */,
				5CE36D38292D210F00558212 /* Release */,
			);
			defaultConfigurationIsVisible = 0;
			defaultConfigurationName = Release;
		};
/* End XCConfigurationList section */
	};
	rootObject = 5CE36CFE292D210D00558212 /* Project object */;
}
